// !$*UTF8*$!
{
	archiveVersion = 1;
	classes = {
	};
	objectVersion = 46;
	objects = {

/* Begin PBXBuildFile section */
		6132D774159E1D9000127656 /* Foundation.framework in Frameworks */ = {isa = PBXBuildFile; fileRef = 6132D773159E1D9000127656 /* Foundation.framework */; };
		6132D776159E1D9000127656 /* UIKit.framework in Frameworks */ = {isa = PBXBuildFile; fileRef = 6132D775159E1D9000127656 /* UIKit.framework */; };
		6132D778159E1D9000127656 /* CFNetwork.framework in Frameworks */ = {isa = PBXBuildFile; fileRef = 6132D777159E1D9000127656 /* CFNetwork.framework */; };
		6132D77A159E1D9000127656 /* CoreGraphics.framework in Frameworks */ = {isa = PBXBuildFile; fileRef = 6132D779159E1D9000127656 /* CoreGraphics.framework */; };
		6132D77C159E1D9000127656 /* CoreLocation.framework in Frameworks */ = {isa = PBXBuildFile; fileRef = 6132D77B159E1D9000127656 /* CoreLocation.framework */; };
		6132D77E159E1D9000127656 /* CoreMedia.framework in Frameworks */ = {isa = PBXBuildFile; fileRef = 6132D77D159E1D9000127656 /* CoreMedia.framework */; };
		6132D780159E1D9000127656 /* QuartzCore.framework in Frameworks */ = {isa = PBXBuildFile; fileRef = 6132D77F159E1D9000127656 /* QuartzCore.framework */; };
		6132D782159E1D9000127656 /* Security.framework in Frameworks */ = {isa = PBXBuildFile; fileRef = 6132D781159E1D9000127656 /* Security.framework */; };
		6132D784159E1D9000127656 /* MobileCoreServices.framework in Frameworks */ = {isa = PBXBuildFile; fileRef = 6132D783159E1D9000127656 /* MobileCoreServices.framework */; };
		6132D786159E1D9000127656 /* AddressBook.framework in Frameworks */ = {isa = PBXBuildFile; fileRef = 6132D785159E1D9000127656 /* AddressBook.framework */; };
		6132D788159E1D9000127656 /* AddressBookUI.framework in Frameworks */ = {isa = PBXBuildFile; fileRef = 6132D787159E1D9000127656 /* AddressBookUI.framework */; };
		6132D78A159E1D9000127656 /* AudioToolbox.framework in Frameworks */ = {isa = PBXBuildFile; fileRef = 6132D789159E1D9000127656 /* AudioToolbox.framework */; };
		6132D78C159E1D9000127656 /* AVFoundation.framework in Frameworks */ = {isa = PBXBuildFile; fileRef = 6132D78B159E1D9000127656 /* AVFoundation.framework */; };
		6132D78E159E1D9000127656 /* MediaPlayer.framework in Frameworks */ = {isa = PBXBuildFile; fileRef = 6132D78D159E1D9000127656 /* MediaPlayer.framework */; };
		6132D790159E1D9000127656 /* SystemConfiguration.framework in Frameworks */ = {isa = PBXBuildFile; fileRef = 6132D78F159E1D9000127656 /* SystemConfiguration.framework */; };
		6132D796159E1D9000127656 /* InfoPlist.strings in Resources */ = {isa = PBXBuildFile; fileRef = 6132D794159E1D9000127656 /* InfoPlist.strings */; };
		6132D798159E1D9000127656 /* main.m in Sources */ = {isa = PBXBuildFile; fileRef = 6132D797159E1D9000127656 /* main.m */; };
		6132D79A159E1D9000127656 /* CordovaFirst-Prefix.pch in Resources */ = {isa = PBXBuildFile; fileRef = 6132D799159E1D9000127656 /* CordovaFirst-Prefix.pch */; };
		6132D7B7159E1D9000127656 /* SFTestRunnerPlugin.js in Resources */ = {isa = PBXBuildFile; fileRef = 6132D7B6159E1D9000127656 /* SFTestRunnerPlugin.js */; };
		6132D7B9159E1D9200127656 /* SalesforceHybridSDK.framework in Frameworks */ = {isa = PBXBuildFile; fileRef = 6132D7B8159E1D9200127656 /* SalesforceHybridSDK.framework */; };
		6132D7BB159E1D9200127656 /* libz.dylib in Frameworks */ = {isa = PBXBuildFile; fileRef = 6132D7BA159E1D9200127656 /* libz.dylib */; };
		6132D7BF159E1D9200127656 /* icon-72.png in Resources */ = {isa = PBXBuildFile; fileRef = 6132D7BE159E1D9200127656 /* icon-72.png */; };
		6132D7C1159E1D9200127656 /* icon.png in Resources */ = {isa = PBXBuildFile; fileRef = 6132D7C0159E1D9200127656 /* icon.png */; };
		6132D7C3159E1D9200127656 /* icon@2x.png in Resources */ = {isa = PBXBuildFile; fileRef = 6132D7C2159E1D9200127656 /* icon@2x.png */; };
		6132D7C6159E1D9200127656 /* Default-Landscape~ipad.png in Resources */ = {isa = PBXBuildFile; fileRef = 6132D7C5159E1D9200127656 /* Default-Landscape~ipad.png */; };
		6132D7C8159E1D9200127656 /* Default-Portrait~ipad.png in Resources */ = {isa = PBXBuildFile; fileRef = 6132D7C7159E1D9200127656 /* Default-Portrait~ipad.png */; };
		6132D7CA159E1D9200127656 /* Default.png in Resources */ = {isa = PBXBuildFile; fileRef = 6132D7C9159E1D9200127656 /* Default.png */; };
		6132D7CC159E1D9200127656 /* Default@2x.png in Resources */ = {isa = PBXBuildFile; fileRef = 6132D7CB159E1D9200127656 /* Default@2x.png */; };
		6132D7CE159E1D9200127656 /* Default~iPad.png in Resources */ = {isa = PBXBuildFile; fileRef = 6132D7CD159E1D9200127656 /* Default~iPad.png */; };
		6132D7D0159E1D9200127656 /* readme.md in Resources */ = {isa = PBXBuildFile; fileRef = 6132D7CF159E1D9200127656 /* readme.md */; };
		6132D7D4159E1D9200127656 /* AppDelegate.m in Sources */ = {isa = PBXBuildFile; fileRef = 6132D7D3159E1D9200127656 /* AppDelegate.m */; };
		6132D7D7159E1D9200127656 /* README in Resources */ = {isa = PBXBuildFile; fileRef = 6132D7D6159E1D9200127656 /* README */; };
		6132D7D9159E1D9200127656 /* PhoneGap.plist in Resources */ = {isa = PBXBuildFile; fileRef = 6132D7D8159E1D9200127656 /* PhoneGap.plist */; };
		6132D7DB159E1D9200127656 /* Settings.bundle in Resources */ = {isa = PBXBuildFile; fileRef = 6132D7DA159E1D9200127656 /* Settings.bundle */; };
		6132D7DD159E1D9200127656 /* PhoneGapResources.bundle in Resources */ = {isa = PBXBuildFile; fileRef = 6132D7DC159E1D9200127656 /* PhoneGapResources.bundle */; };
/* End PBXBuildFile section */

/* Begin PBXCopyFilesBuildPhase section */
		6132D76D159E1D9000127656 /* CopyFiles */ = {
			isa = PBXCopyFilesBuildPhase;
			buildActionMask = 2147483647;
			dstPath = www;
			dstSubfolderSpec = 7;
			files = (
			);
			runOnlyForDeploymentPostprocessing = 0;
		};
/* End PBXCopyFilesBuildPhase section */

/* Begin PBXFileReference section */
		6132D76F159E1D9000127656 /* CordovaFirst.app */ = {isa = PBXFileReference; explicitFileType = wrapper.application; includeInIndex = 0; path = CordovaFirst.app; sourceTree = BUILT_PRODUCTS_DIR; };
		6132D773159E1D9000127656 /* Foundation.framework */ = {isa = PBXFileReference; lastKnownFileType = wrapper.framework; name = Foundation.framework; path = System/Library/Frameworks/Foundation.framework; sourceTree = SDKROOT; };
		6132D775159E1D9000127656 /* UIKit.framework */ = {isa = PBXFileReference; lastKnownFileType = wrapper.framework; name = UIKit.framework; path = System/Library/Frameworks/UIKit.framework; sourceTree = SDKROOT; };
		6132D777159E1D9000127656 /* CFNetwork.framework */ = {isa = PBXFileReference; lastKnownFileType = wrapper.framework; name = CFNetwork.framework; path = System/Library/Frameworks/CFNetwork.framework; sourceTree = SDKROOT; };
		6132D779159E1D9000127656 /* CoreGraphics.framework */ = {isa = PBXFileReference; lastKnownFileType = wrapper.framework; name = CoreGraphics.framework; path = System/Library/Frameworks/CoreGraphics.framework; sourceTree = SDKROOT; };
		6132D77B159E1D9000127656 /* CoreLocation.framework */ = {isa = PBXFileReference; lastKnownFileType = wrapper.framework; name = CoreLocation.framework; path = System/Library/Frameworks/CoreLocation.framework; sourceTree = SDKROOT; };
		6132D77D159E1D9000127656 /* CoreMedia.framework */ = {isa = PBXFileReference; lastKnownFileType = wrapper.framework; name = CoreMedia.framework; path = System/Library/Frameworks/CoreMedia.framework; sourceTree = SDKROOT; };
		6132D77F159E1D9000127656 /* QuartzCore.framework */ = {isa = PBXFileReference; lastKnownFileType = wrapper.framework; name = QuartzCore.framework; path = System/Library/Frameworks/QuartzCore.framework; sourceTree = SDKROOT; };
		6132D781159E1D9000127656 /* Security.framework */ = {isa = PBXFileReference; lastKnownFileType = wrapper.framework; name = Security.framework; path = System/Library/Frameworks/Security.framework; sourceTree = SDKROOT; };
		6132D783159E1D9000127656 /* MobileCoreServices.framework */ = {isa = PBXFileReference; lastKnownFileType = wrapper.framework; name = MobileCoreServices.framework; path = System/Library/Frameworks/MobileCoreServices.framework; sourceTree = SDKROOT; };
		6132D785159E1D9000127656 /* AddressBook.framework */ = {isa = PBXFileReference; lastKnownFileType = wrapper.framework; name = AddressBook.framework; path = System/Library/Frameworks/AddressBook.framework; sourceTree = SDKROOT; };
		6132D787159E1D9000127656 /* AddressBookUI.framework */ = {isa = PBXFileReference; lastKnownFileType = wrapper.framework; name = AddressBookUI.framework; path = System/Library/Frameworks/AddressBookUI.framework; sourceTree = SDKROOT; };
		6132D789159E1D9000127656 /* AudioToolbox.framework */ = {isa = PBXFileReference; lastKnownFileType = wrapper.framework; name = AudioToolbox.framework; path = System/Library/Frameworks/AudioToolbox.framework; sourceTree = SDKROOT; };
		6132D78B159E1D9000127656 /* AVFoundation.framework */ = {isa = PBXFileReference; lastKnownFileType = wrapper.framework; name = AVFoundation.framework; path = System/Library/Frameworks/AVFoundation.framework; sourceTree = SDKROOT; };
		6132D78D159E1D9000127656 /* MediaPlayer.framework */ = {isa = PBXFileReference; lastKnownFileType = wrapper.framework; name = MediaPlayer.framework; path = System/Library/Frameworks/MediaPlayer.framework; sourceTree = SDKROOT; };
		6132D78F159E1D9000127656 /* SystemConfiguration.framework */ = {isa = PBXFileReference; lastKnownFileType = wrapper.framework; name = SystemConfiguration.framework; path = System/Library/Frameworks/SystemConfiguration.framework; sourceTree = SDKROOT; };
		6132D793159E1D9000127656 /* CordovaFirst-Info.plist */ = {isa = PBXFileReference; path = "CordovaFirst-Info.plist"; sourceTree = "<group>"; };
		6132D795159E1D9000127656 /* en */ = {isa = PBXFileReference; lastKnownFileType = text.plist.strings; name = en; path = en.lproj/InfoPlist.strings; sourceTree = "<group>"; };
		6132D797159E1D9000127656 /* main.m */ = {isa = PBXFileReference; lastKnownFileType = sourcecode.c.objc; path = main.m; sourceTree = "<group>"; };
		6132D799159E1D9000127656 /* CordovaFirst-Prefix.pch */ = {isa = PBXFileReference; lastKnownFileType = sourcecode.c.h; path = "CordovaFirst-Prefix.pch"; sourceTree = "<group>"; };
		6132D79C159E1D9000127656 /* bootconfig.js */ = {isa = PBXFileReference; lastKnownFileType = sourcecode.javascript; path = bootconfig.js; sourceTree = "<group>"; };
		6132D79D159E1D9000127656 /* bootstrap.html */ = {isa = PBXFileReference; lastKnownFileType = text.html; path = bootstrap.html; sourceTree = "<group>"; };
		6132D79E159E1D9000127656 /* contactexplorer.js */ = {isa = PBXFileReference; lastKnownFileType = sourcecode.javascript; path = contactexplorer.js; sourceTree = "<group>"; };
		6132D79F159E1D9000127656 /* forcetk.js */ = {isa = PBXFileReference; lastKnownFileType = sourcecode.javascript; path = forcetk.js; sourceTree = "<group>"; };
		6132D7A0159E1D9000127656 /* index.html */ = {isa = PBXFileReference; lastKnownFileType = text.html; path = index.html; sourceTree = "<group>"; };
		6132D7A3159E1D9000127656 /* ajax-loader.png */ = {isa = PBXFileReference; lastKnownFileType = image.png; path = "ajax-loader.png"; sourceTree = "<group>"; };
		6132D7A4159E1D9000127656 /* icon-search-black.png */ = {isa = PBXFileReference; lastKnownFileType = image.png; path = "icon-search-black.png"; sourceTree = "<group>"; };
		6132D7A5159E1D9000127656 /* icons-18-black.png */ = {isa = PBXFileReference; lastKnownFileType = image.png; path = "icons-18-black.png"; sourceTree = "<group>"; };
		6132D7A6159E1D9000127656 /* icons-18-white.png */ = {isa = PBXFileReference; lastKnownFileType = image.png; path = "icons-18-white.png"; sourceTree = "<group>"; };
		6132D7A7159E1D9000127656 /* icons-36-black.png */ = {isa = PBXFileReference; lastKnownFileType = image.png; path = "icons-36-black.png"; sourceTree = "<group>"; };
		6132D7A8159E1D9000127656 /* icons-36-white.png */ = {isa = PBXFileReference; lastKnownFileType = image.png; path = "icons-36-white.png"; sourceTree = "<group>"; };
		6132D7A9159E1D9000127656 /* jquery-1.6.2.js */ = {isa = PBXFileReference; lastKnownFileType = sourcecode.javascript; path = "jquery-1.6.2.js"; sourceTree = "<group>"; };
		6132D7AA159E1D9000127656 /* jquery-1.6.2.min.js */ = {isa = PBXFileReference; lastKnownFileType = sourcecode.javascript; path = "jquery-1.6.2.min.js"; sourceTree = "<group>"; };
		6132D7AB159E1D9000127656 /* jquery.mobile-1.0b2.css */ = {isa = PBXFileReference; lastKnownFileType = text.css; path = "jquery.mobile-1.0b2.css"; sourceTree = "<group>"; };
		6132D7AC159E1D9000127656 /* jquery.mobile-1.0b2.js */ = {isa = PBXFileReference; lastKnownFileType = sourcecode.javascript; path = "jquery.mobile-1.0b2.js"; sourceTree = "<group>"; };
		6132D7AD159E1D9000127656 /* jquery.mobile-1.0b2.min.css */ = {isa = PBXFileReference; lastKnownFileType = text.css; path = "jquery.mobile-1.0b2.min.css"; sourceTree = "<group>"; };
		6132D7AE159E1D9000127656 /* jquery.mobile-1.0b2.min.js */ = {isa = PBXFileReference; lastKnownFileType = sourcecode.javascript; path = "jquery.mobile-1.0b2.min.js"; sourceTree = "<group>"; };
		6132D7AF159E1D9000127656 /* phonegap-1.2.0.js */ = {isa = PBXFileReference; lastKnownFileType = sourcecode.javascript; path = "phonegap-1.2.0.js"; sourceTree = "<group>"; };
		6132D7B0159E1D9000127656 /* qunit.css */ = {isa = PBXFileReference; lastKnownFileType = text.css; path = qunit.css; sourceTree = "<group>"; };
		6132D7B1159E1D9000127656 /* qunit.js */ = {isa = PBXFileReference; lastKnownFileType = sourcecode.javascript; path = qunit.js; sourceTree = "<group>"; };
		6132D7B2159E1D9000127656 /* SalesforceOAuthPlugin.js */ = {isa = PBXFileReference; lastKnownFileType = sourcecode.javascript; path = SalesforceOAuthPlugin.js; sourceTree = "<group>"; };
		6132D7B3159E1D9000127656 /* SFHybridApp.css */ = {isa = PBXFileReference; lastKnownFileType = text.css; path = SFHybridApp.css; sourceTree = "<group>"; };
		6132D7B4159E1D9000127656 /* SFHybridApp.js */ = {isa = PBXFileReference; lastKnownFileType = sourcecode.javascript; path = SFHybridApp.js; sourceTree = "<group>"; };
		6132D7B5159E1D9000127656 /* SFSmartStorePlugin.js */ = {isa = PBXFileReference; lastKnownFileType = sourcecode.javascript; path = SFSmartStorePlugin.js; sourceTree = "<group>"; };
		6132D7B6159E1D9000127656 /* SFTestRunnerPlugin.js */ = {isa = PBXFileReference; lastKnownFileType = folder; name = SFTestRunnerPlugin.js; sourceTree = "<group>"; };
		6132D7B8159E1D9200127656 /* SalesforceHybridSDK.framework */ = {isa = PBXFileReference; lastKnownFileType = wrapper.framework; path = SalesforceHybridSDK.framework; sourceTree = "<group>"; };
		6132D7BA159E1D9200127656 /* libz.dylib */ = {isa = PBXFileReference; lastKnownFileType = "compiled.mach-o.dylib"; name = libz.dylib; path = /usr/lib/libz.dylib; sourceTree = DEVELOPER_DIR; };
		6132D7BE159E1D9200127656 /* icon-72.png */ = {isa = PBXFileReference; lastKnownFileType = image.png; name = "icon-72.png"; path = "Resources/icons/icon-72.png"; sourceTree = "<group>"; };
		6132D7C0159E1D9200127656 /* icon.png */ = {isa = PBXFileReference; lastKnownFileType = image.png; name = icon.png; path = Resources/icons/icon.png; sourceTree = "<group>"; };
		6132D7C2159E1D9200127656 /* icon@2x.png */ = {isa = PBXFileReference; lastKnownFileType = image.png; name = "icon@2x.png"; path = "Resources/icons/icon@2x.png"; sourceTree = "<group>"; };
		6132D7C5159E1D9200127656 /* Default-Landscape~ipad.png */ = {isa = PBXFileReference; lastKnownFileType = image.png; name = "Default-Landscape~ipad.png"; path = "Resources/splash/Default-Landscape~ipad.png"; sourceTree = "<group>"; };
		6132D7C7159E1D9200127656 /* Default-Portrait~ipad.png */ = {isa = PBXFileReference; lastKnownFileType = image.png; name = "Default-Portrait~ipad.png"; path = "Resources/splash/Default-Portrait~ipad.png"; sourceTree = "<group>"; };
		6132D7C9159E1D9200127656 /* Default.png */ = {isa = PBXFileReference; lastKnownFileType = image.png; name = Default.png; path = Resources/splash/Default.png; sourceTree = "<group>"; };
		6132D7CB159E1D9200127656 /* Default@2x.png */ = {isa = PBXFileReference; lastKnownFileType = image.png; name = "Default@2x.png"; path = "Resources/splash/Default@2x.png"; sourceTree = "<group>"; };
		6132D7CD159E1D9200127656 /* Default~iPad.png */ = {isa = PBXFileReference; lastKnownFileType = image.png; name = "Default~iPad.png"; path = "Resources/splash/Default~iPad.png"; sourceTree = "<group>"; };
		6132D7CF159E1D9200127656 /* readme.md */ = {isa = PBXFileReference; lastKnownFileType = text; path = readme.md; sourceTree = "<group>"; };
		6132D7D2159E1D9200127656 /* AppDelegate.h */ = {isa = PBXFileReference; name = AppDelegate.h; path = Classes/AppDelegate.h; sourceTree = "<group>"; };
		6132D7D3159E1D9200127656 /* AppDelegate.m */ = {isa = PBXFileReference; lastKnownFileType = sourcecode.c.objc; name = AppDelegate.m; path = Classes/AppDelegate.m; sourceTree = "<group>"; };
		6132D7D6159E1D9200127656 /* README */ = {isa = PBXFileReference; lastKnownFileType = text; name = README; path = Plugins/README; sourceTree = "<group>"; };
		6132D7D8159E1D9200127656 /* PhoneGap.plist */ = {isa = PBXFileReference; lastKnownFileType = text.plist.xml; path = PhoneGap.plist; sourceTree = "<group>"; };
		6132D7DA159E1D9200127656 /* Settings.bundle */ = {isa = PBXFileReference; lastKnownFileType = "wrapper.plug-in"; path = Settings.bundle; sourceTree = "<group>"; };
		6132D7DC159E1D9200127656 /* PhoneGapResources.bundle */ = {isa = PBXFileReference; lastKnownFileType = "wrapper.plug-in"; path = PhoneGapResources.bundle; sourceTree = "<group>"; };
/* End PBXFileReference section */

/* Begin PBXFrameworksBuildPhase section */
		6132D76A159E1D9000127656 /* Frameworks */ = {
			isa = PBXFrameworksBuildPhase;
			buildActionMask = 2147483647;
			files = (
				6132D774159E1D9000127656 /* Foundation.framework in Frameworks */,
				6132D776159E1D9000127656 /* UIKit.framework in Frameworks */,
				6132D778159E1D9000127656 /* CFNetwork.framework in Frameworks */,
				6132D77A159E1D9000127656 /* CoreGraphics.framework in Frameworks */,
				6132D77C159E1D9000127656 /* CoreLocation.framework in Frameworks */,
				6132D77E159E1D9000127656 /* CoreMedia.framework in Frameworks */,
				6132D780159E1D9000127656 /* QuartzCore.framework in Frameworks */,
				6132D782159E1D9000127656 /* Security.framework in Frameworks */,
				6132D784159E1D9000127656 /* MobileCoreServices.framework in Frameworks */,
				6132D786159E1D9000127656 /* AddressBook.framework in Frameworks */,
				6132D788159E1D9000127656 /* AddressBookUI.framework in Frameworks */,
				6132D78A159E1D9000127656 /* AudioToolbox.framework in Frameworks */,
				6132D78C159E1D9000127656 /* AVFoundation.framework in Frameworks */,
				6132D78E159E1D9000127656 /* MediaPlayer.framework in Frameworks */,
				6132D790159E1D9000127656 /* SystemConfiguration.framework in Frameworks */,
				6132D7B9159E1D9200127656 /* SalesforceHybridSDK.framework in Frameworks */,
				6132D7BB159E1D9200127656 /* libz.dylib in Frameworks */,
			);
			runOnlyForDeploymentPostprocessing = 0;
		};
/* End PBXFrameworksBuildPhase section */

/* Begin PBXGroup section */
		6132D762159E1D9000127656 = {
			isa = PBXGroup;
			children = (
				6132D791159E1D9000127656 /* CordovaFirst */,
				6132D772159E1D9000127656 /* Frameworks */,
				6132D770159E1D9000127656 /* Products */,
			);
			sourceTree = "<group>";
		};
		6132D770159E1D9000127656 /* Products */ = {
			isa = PBXGroup;
			children = (
				6132D76F159E1D9000127656 /* CordovaFirst.app */,
			);
			name = Products;
			sourceTree = "<group>";
		};
		6132D772159E1D9000127656 /* Frameworks */ = {
			isa = PBXGroup;
			children = (
				6132D773159E1D9000127656 /* Foundation.framework */,
				6132D775159E1D9000127656 /* UIKit.framework */,
				6132D777159E1D9000127656 /* CFNetwork.framework */,
				6132D779159E1D9000127656 /* CoreGraphics.framework */,
				6132D77B159E1D9000127656 /* CoreLocation.framework */,
				6132D77D159E1D9000127656 /* CoreMedia.framework */,
				6132D77F159E1D9000127656 /* QuartzCore.framework */,
				6132D781159E1D9000127656 /* Security.framework */,
				6132D783159E1D9000127656 /* MobileCoreServices.framework */,
				6132D785159E1D9000127656 /* AddressBook.framework */,
				6132D787159E1D9000127656 /* AddressBookUI.framework */,
				6132D789159E1D9000127656 /* AudioToolbox.framework */,
				6132D78B159E1D9000127656 /* AVFoundation.framework */,
				6132D78D159E1D9000127656 /* MediaPlayer.framework */,
				6132D78F159E1D9000127656 /* SystemConfiguration.framework */,
			);
			name = Frameworks;
			sourceTree = "<group>";
		};
		6132D791159E1D9000127656 /* CordovaFirst */ = {
			isa = PBXGroup;
			children = (
				6132D7B8159E1D9200127656 /* SalesforceHybridSDK.framework */,
				6132D7BA159E1D9200127656 /* libz.dylib */,
				6132D7CF159E1D9200127656 /* readme.md */,
				6132D7DA159E1D9200127656 /* Settings.bundle */,
				6132D7DC159E1D9200127656 /* PhoneGapResources.bundle */,
				6132D79B159E1D9000127656 /* www */,
				6132D7BC159E1D9200127656 /* Resources */,
				6132D7D1159E1D9200127656 /* Classes */,
				6132D7D5159E1D9200127656 /* Plugins */,
				6132D792159E1D9000127656 /* Supporting Files */,
			);
			path = CordovaFirst;
			sourceTree = "<group>";
		};
		6132D792159E1D9000127656 /* Supporting Files */ = {
			isa = PBXGroup;
			children = (
				6132D793159E1D9000127656 /* CordovaFirst-Info.plist */,
				6132D794159E1D9000127656 /* InfoPlist.strings */,
				6132D797159E1D9000127656 /* main.m */,
				6132D799159E1D9000127656 /* CordovaFirst-Prefix.pch */,
				6132D7D8159E1D9200127656 /* PhoneGap.plist */,
			);
			name = "Supporting Files";
			sourceTree = "<group>";
		};
		6132D79B159E1D9000127656 /* www */ = {
			isa = PBXGroup;
			children = (
				6132D79C159E1D9000127656 /* bootconfig.js */,
				6132D79D159E1D9000127656 /* bootstrap.html */,
				6132D79E159E1D9000127656 /* contactexplorer.js */,
				6132D79F159E1D9000127656 /* forcetk.js */,
				6132D7A0159E1D9000127656 /* index.html */,
				6132D7A1159E1D9000127656 /* jquery */,
				6132D7AF159E1D9000127656 /* phonegap-1.2.0.js */,
				6132D7B0159E1D9000127656 /* qunit.css */,
				6132D7B1159E1D9000127656 /* qunit.js */,
				6132D7B2159E1D9000127656 /* SalesforceOAuthPlugin.js */,
				6132D7B3159E1D9000127656 /* SFHybridApp.css */,
				6132D7B4159E1D9000127656 /* SFHybridApp.js */,
				6132D7B5159E1D9000127656 /* SFSmartStorePlugin.js */,
				6132D7B6159E1D9000127656 /* SFTestRunnerPlugin.js */,
			);
			path = www;
			sourceTree = "<group>";
		};
		6132D7A1159E1D9000127656 /* jquery */ = {
			isa = PBXGroup;
			children = (
				6132D7A2159E1D9000127656 /* images */,
				6132D7A9159E1D9000127656 /* jquery-1.6.2.js */,
				6132D7AA159E1D9000127656 /* jquery-1.6.2.min.js */,
				6132D7AB159E1D9000127656 /* jquery.mobile-1.0b2.css */,
				6132D7AC159E1D9000127656 /* jquery.mobile-1.0b2.js */,
				6132D7AD159E1D9000127656 /* jquery.mobile-1.0b2.min.css */,
				6132D7AE159E1D9000127656 /* jquery.mobile-1.0b2.min.js */,
			);
			path = jquery;
			sourceTree = "<group>";
		};
		6132D7A2159E1D9000127656 /* images */ = {
			isa = PBXGroup;
			children = (
				6132D7A3159E1D9000127656 /* ajax-loader.png */,
				6132D7A4159E1D9000127656 /* icon-search-black.png */,
				6132D7A5159E1D9000127656 /* icons-18-black.png */,
				6132D7A6159E1D9000127656 /* icons-18-white.png */,
				6132D7A7159E1D9000127656 /* icons-36-black.png */,
				6132D7A8159E1D9000127656 /* icons-36-white.png */,
			);
			path = images;
			sourceTree = "<group>";
		};
		6132D7BC159E1D9200127656 /* Resources */ = {
			isa = PBXGroup;
			children = (
				6132D7BD159E1D9200127656 /* icons */,
				6132D7C4159E1D9200127656 /* splash */,
			);
			name = Resources;
			sourceTree = "<group>";
		};
		6132D7BD159E1D9200127656 /* icons */ = {
			isa = PBXGroup;
			children = (
				6132D7BE159E1D9200127656 /* icon-72.png */,
				6132D7C0159E1D9200127656 /* icon.png */,
				6132D7C2159E1D9200127656 /* icon@2x.png */,
			);
			name = icons;
			sourceTree = "<group>";
		};
		6132D7C4159E1D9200127656 /* splash */ = {
			isa = PBXGroup;
			children = (
				6132D7C5159E1D9200127656 /* Default-Landscape~ipad.png */,
				6132D7C7159E1D9200127656 /* Default-Portrait~ipad.png */,
				6132D7C9159E1D9200127656 /* Default.png */,
				6132D7CB159E1D9200127656 /* Default@2x.png */,
				6132D7CD159E1D9200127656 /* Default~iPad.png */,
			);
			name = splash;
			sourceTree = "<group>";
		};
		6132D7D1159E1D9200127656 /* Classes */ = {
			isa = PBXGroup;
			children = (
				6132D7D2159E1D9200127656 /* AppDelegate.h */,
				6132D7D3159E1D9200127656 /* AppDelegate.m */,
			);
			name = Classes;
			sourceTree = "<group>";
		};
		6132D7D5159E1D9200127656 /* Plugins */ = {
			isa = PBXGroup;
			children = (
				6132D7D6159E1D9200127656 /* README */,
			);
			name = Plugins;
			sourceTree = "<group>";
		};
/* End PBXGroup section */

/* Begin PBXNativeTarget section */
		6132D76E159E1D9000127656 /* CordovaFirst */ = {
			isa = PBXNativeTarget;
			buildConfigurationList = 6132D7E0159E1D9200127656 /* Build configuration list for PBXNativeTarget "CordovaFirst" */;
			buildPhases = (
				6132D769159E1D9000127656 /* Sources */,
				6132D76A159E1D9000127656 /* Frameworks */,
				6132D76B159E1D9000127656 /* Resources */,
				6132D76C159E1D9000127656 /* Sources */,
				6132D76D159E1D9000127656 /* CopyFiles */,
			);
			buildRules = (
			);
			dependencies = (
			);
			name = CordovaFirst;
			productName = CordovaFirst;
			productReference = 6132D76F159E1D9000127656 /* CordovaFirst.app */;
			productType = "com.apple.product-type.application";
		};
/* End PBXNativeTarget section */

/* Begin PBXProject section */
		6132D764159E1D9000127656 /* Project object */ = {
			isa = PBXProject;
			attributes = {
				LastUpgradeCheck = 0430;
			};
			buildConfigurationList = 6132D767159E1D9000127656 /* Build configuration list for PBXProject "CordovaFirst" */;
			compatibilityVersion = "Xcode 3.2";
			developmentRegion = English;
			hasScannedForEncodings = 0;
			knownRegions = (
				en,
			);
			mainGroup = 6132D762159E1D9000127656;
			productRefGroup = 6132D770159E1D9000127656 /* Products */;
			projectDirPath = "";
			projectRoot = "";
			targets = (
				6132D76E159E1D9000127656 /* CordovaFirst */,
			);
		};
/* End PBXProject section */

/* Begin PBXResourcesBuildPhase section */
		6132D76B159E1D9000127656 /* Resources */ = {
			isa = PBXResourcesBuildPhase;
			buildActionMask = 2147483647;
			files = (
				6132D796159E1D9000127656 /* InfoPlist.strings in Resources */,
				6132D79A159E1D9000127656 /* CordovaFirst-Prefix.pch in Resources */,
				6132D7B7159E1D9000127656 /* SFTestRunnerPlugin.js in Resources */,
				6132D7BF159E1D9200127656 /* icon-72.png in Resources */,
				6132D7C1159E1D9200127656 /* icon.png in Resources */,
				6132D7C3159E1D9200127656 /* icon@2x.png in Resources */,
				6132D7C6159E1D9200127656 /* Default-Landscape~ipad.png in Resources */,
				6132D7C8159E1D9200127656 /* Default-Portrait~ipad.png in Resources */,
				6132D7CA159E1D9200127656 /* Default.png in Resources */,
				6132D7CC159E1D9200127656 /* Default@2x.png in Resources */,
				6132D7CE159E1D9200127656 /* Default~iPad.png in Resources */,
				6132D7D0159E1D9200127656 /* readme.md in Resources */,
				6132D7D7159E1D9200127656 /* README in Resources */,
				6132D7D9159E1D9200127656 /* PhoneGap.plist in Resources */,
				6132D7DB159E1D9200127656 /* Settings.bundle in Resources */,
				6132D7DD159E1D9200127656 /* PhoneGapResources.bundle in Resources */,
			);
			runOnlyForDeploymentPostprocessing = 0;
		};
/* End PBXResourcesBuildPhase section */

/* Begin PBXSourcesBuildPhase section */
		6132D769159E1D9000127656 /* Sources */ = {
			isa = PBXSourcesBuildPhase;
			buildActionMask = 2147483647;
			files = (
				6132D798159E1D9000127656 /* main.m in Sources */,
				6132D7D4159E1D9200127656 /* AppDelegate.m in Sources */,
			);
			runOnlyForDeploymentPostprocessing = 0;
		};
		6132D76C159E1D9000127656 /* Sources */ = {
			isa = PBXSourcesBuildPhase;
			buildActionMask = 2147483647;
			files = (
			);
			runOnlyForDeploymentPostprocessing = 0;
		};
/* End PBXSourcesBuildPhase section */

/* Begin PBXVariantGroup section */
		6132D794159E1D9000127656 /* InfoPlist.strings */ = {
			isa = PBXVariantGroup;
			children = (
				6132D795159E1D9000127656 /* en */,
			);
			name = InfoPlist.strings;
			sourceTree = "<group>";
		};
/* End PBXVariantGroup section */

/* Begin XCBuildConfiguration section */
		6132D7DE159E1D9200127656 /* Debug */ = {
			isa = XCBuildConfiguration;
			buildSettings = {
				ALWAYS_SEARCH_USER_PATHS = YES;
				ARCHS = "$(ARCHS_STANDARD_32_BIT)";
				CODE_SIGN_IDENTITY = "iPhone Developer";
				COPY_PHASE_STRIP = NO;
				GCC_C_LANGUAGE_STANDARD = gnu99;
				GCC_DYNAMIC_NO_PIC = NO;
				GCC_OPTIMIZATION_LEVEL = 0;
				GCC_PREPROCESSOR_DEFINITIONS = (
					"DEBUG=1",
					"$(inherited)",
				);
				GCC_SYMBOLS_PRIVATE_EXTERN = NO;
				GCC_VERSION = com.apple.compilers.llvm.clang.1_0;
				GCC_WARN_ABOUT_RETURN_TYPE = YES;
				GCC_WARN_UNINITIALIZED_AUTOS = YES;
				GCC_WARN_UNUSED_VARIABLE = YES;
				IPHONEOS_DEPLOYMENT_TARGET = 5.0;
				OTHER_LDFLAGS = (
					"-ObjC",
					"-all_load",
				);
				SDKROOT = iphoneos;
				TARGETED_DEVICE_FAMILY = "1,2";
			};
			name = Debug;
		};
		6132D7DF159E1D9200127656 /* Release */ = {
			isa = XCBuildConfiguration;
			buildSettings = {
				ALWAYS_SEARCH_USER_PATHS = YES;
				ARCHS = "$(ARCHS_STANDARD_32_BIT)";
				CODE_SIGN_IDENTITY = "iPhone Developer";
				COPY_PHASE_STRIP = YES;
				GCC_C_LANGUAGE_STANDARD = gnu99;
				GCC_PREPROCESSOR_DEFINITIONS = "PHONEGAP_FRAMEWORK=YES";
				GCC_VERSION = com.apple.compilers.llvm.clang.1_0;
				GCC_WARN_ABOUT_RETURN_TYPE = YES;
				GCC_WARN_UNINITIALIZED_AUTOS = YES;
				GCC_WARN_UNUSED_VARIABLE = YES;
				IPHONEOS_DEPLOYMENT_TARGET = 5.0;
				OTHER_LDFLAGS = (
					"-ObjC",
					"-all_load",
				);
				SDKROOT = iphoneos;
				TARGETED_DEVICE_FAMILY = "1,2";
				VALIDATE_PRODUCT = YES;
			};
			name = Release;
		};
		6132D7E1159E1D9200127656 /* Debug */ = {
			isa = XCBuildConfiguration;
			buildSettings = {
				FRAMEWORK_SEARCH_PATHS = (
					"$(inherited)",
					"\"$(SRCROOT)/CordovaFirst\"",
				);
				GCC_PRECOMPILE_PREFIX_HEADER = YES;
				GCC_PREFIX_HEADER = "CordovaFirst/CordovaFirst-Prefix.pch";
				INFOPLIST_FILE = "CordovaFirst/CordovaFirst-Info.plist";
				PRODUCT_NAME = "$(TARGET_NAME)";
				WRAPPER_EXTENSION = app;
			};
			name = Debug;
		};
		6132D7E2159E1D9200127656 /* Release */ = {
			isa = XCBuildConfiguration;
			buildSettings = {
				FRAMEWORK_SEARCH_PATHS = (
					"$(inherited)",
					"\"$(SRCROOT)/CordovaFirst\"",
				);
				GCC_PRECOMPILE_PREFIX_HEADER = YES;
				GCC_PREFIX_HEADER = "CordovaFirst/CordovaFirst-Prefix.pch";
				INFOPLIST_FILE = "CordovaFirst/CordovaFirst-Info.plist";
				PRODUCT_NAME = "$(TARGET_NAME)";
				WRAPPER_EXTENSION = app;
			};
			name = Release;
		};
/* End XCBuildConfiguration section */

/* Begin XCConfigurationList section */
		6132D767159E1D9000127656 /* Build configuration list for PBXProject "CordovaFirst" */ = {
			isa = XCConfigurationList;
			buildConfigurations = (
				6132D7DE159E1D9200127656 /* Debug */,
				6132D7DF159E1D9200127656 /* Release */,
			);
			defaultConfigurationIsVisible = 0;
			defaultConfigurationName = Release;
		};
		6132D7E0159E1D9200127656 /* Build configuration list for PBXNativeTarget "CordovaFirst" */ = {
			isa = XCConfigurationList;
			buildConfigurations = (
				6132D7E1159E1D9200127656 /* Debug */,
				6132D7E2159E1D9200127656 /* Release */,
			);
			defaultConfigurationIsVisible = 0;
		};
/* End XCConfigurationList section */
	};
	rootObject = 6132D764159E1D9000127656 /* Project object */;
}
